// !$*UTF8*$!
{
	archiveVersion = 1;
	classes = {
	};
	objectVersion = 46;
	objects = {

/* Begin PBXBuildFile section */
		9276A3AD1EAF7421002E22A9 /* AppDelegate.swift in Sources */ = {isa = PBXBuildFile; fileRef = 9276A3AC1EAF7421002E22A9 /* AppDelegate.swift */; };
		9276A3AF1EAF7421002E22A9 /* ViewController.swift in Sources */ = {isa = PBXBuildFile; fileRef = 9276A3AE1EAF7421002E22A9 /* ViewController.swift */; };
		9276A3B21EAF7421002E22A9 /* Main.storyboard in Resources */ = {isa = PBXBuildFile; fileRef = 9276A3B01EAF7421002E22A9 /* Main.storyboard */; };
		9276A3B41EAF7421002E22A9 /* Assets.xcassets in Resources */ = {isa = PBXBuildFile; fileRef = 9276A3B31EAF7421002E22A9 /* Assets.xcassets */; };
		9276A3B71EAF7421002E22A9 /* LaunchScreen.storyboard in Resources */ = {isa = PBXBuildFile; fileRef = 9276A3B51EAF7421002E22A9 /* LaunchScreen.storyboard */; };
		9276A3C21EAF7421002E22A9 /* ControlsDemoTests.swift in Sources */ = {isa = PBXBuildFile; fileRef = 9276A3C11EAF7421002E22A9 /* ControlsDemoTests.swift */; };
		9276A3CD1EAF7421002E22A9 /* ControlsDemoUITests.swift in Sources */ = {isa = PBXBuildFile; fileRef = 9276A3CC1EAF7421002E22A9 /* ControlsDemoUITests.swift */; };
		9276A3DB1EAF7D07002E22A9 /* SecondViewController.swift in Sources */ = {isa = PBXBuildFile; fileRef = 9276A3DA1EAF7D07002E22A9 /* SecondViewController.swift */; };
		9276A3DD1EAF7E15002E22A9 /* ThirdViewController.swift in Sources */ = {isa = PBXBuildFile; fileRef = 9276A3DC1EAF7E15002E22A9 /* ThirdViewController.swift */; };
/* End PBXBuildFile section */

/* Begin PBXContainerItemProxy section */
		9276A3BE1EAF7421002E22A9 /* PBXContainerItemProxy */ = {
			isa = PBXContainerItemProxy;
			containerPortal = 9276A3A11EAF7421002E22A9 /* Project object */;
			proxyType = 1;
			remoteGlobalIDString = 9276A3A81EAF7421002E22A9;
			remoteInfo = ControlsDemo;
		};
		9276A3C91EAF7421002E22A9 /* PBXContainerItemProxy */ = {
			isa = PBXContainerItemProxy;
			containerPortal = 9276A3A11EAF7421002E22A9 /* Project object */;
			proxyType = 1;
			remoteGlobalIDString = 9276A3A81EAF7421002E22A9;
			remoteInfo = ControlsDemo;
		};
/* End PBXContainerItemProxy section */

/* Begin PBXFileReference section */
		9276A3A91EAF7421002E22A9 /* ControlsDemo.app */ = {isa = PBXFileReference; explicitFileType = wrapper.application; includeInIndex = 0; path = ControlsDemo.app; sourceTree = BUILT_PRODUCTS_DIR; };
		9276A3AC1EAF7421002E22A9 /* AppDelegate.swift */ = {isa = PBXFileReference; lastKnownFileType = sourcecode.swift; path = AppDelegate.swift; sourceTree = "<group>"; };
		9276A3AE1EAF7421002E22A9 /* ViewController.swift */ = {isa = PBXFileReference; lastKnownFileType = sourcecode.swift; path = ViewController.swift; sourceTree = "<group>"; };
		9276A3B11EAF7421002E22A9 /* Base */ = {isa = PBXFileReference; lastKnownFileType = file.storyboard; name = Base; path = Base.lproj/Main.storyboard; sourceTree = "<group>"; };
		9276A3B31EAF7421002E22A9 /* Assets.xcassets */ = {isa = PBXFileReference; lastKnownFileType = folder.assetcatalog; path = Assets.xcassets; sourceTree = "<group>"; };
		9276A3B61EAF7421002E22A9 /* Base */ = {isa = PBXFileReference; lastKnownFileType = file.storyboard; name = Base; path = Base.lproj/LaunchScreen.storyboard; sourceTree = "<group>"; };
		9276A3B81EAF7421002E22A9 /* Info.plist */ = {isa = PBXFileReference; lastKnownFileType = text.plist.xml; path = Info.plist; sourceTree = "<group>"; };
		9276A3BD1EAF7421002E22A9 /* ControlsDemoTests.xctest */ = {isa = PBXFileReference; explicitFileType = wrapper.cfbundle; includeInIndex = 0; path = ControlsDemoTests.xctest; sourceTree = BUILT_PRODUCTS_DIR; };
		9276A3C11EAF7421002E22A9 /* ControlsDemoTests.swift */ = {isa = PBXFileReference; lastKnownFileType = sourcecode.swift; path = ControlsDemoTests.swift; sourceTree = "<group>"; };
		9276A3C31EAF7421002E22A9 /* Info.plist */ = {isa = PBXFileReference; lastKnownFileType = text.plist.xml; path = Info.plist; sourceTree = "<group>"; };
		9276A3C81EAF7421002E22A9 /* ControlsDemoUITests.xctest */ = {isa = PBXFileReference; explicitFileType = wrapper.cfbundle; includeInIndex = 0; path = ControlsDemoUITests.xctest; sourceTree = BUILT_PRODUCTS_DIR; };
		9276A3CC1EAF7421002E22A9 /* ControlsDemoUITests.swift */ = {isa = PBXFileReference; lastKnownFileType = sourcecode.swift; path = ControlsDemoUITests.swift; sourceTree = "<group>"; };
		9276A3CE1EAF7421002E22A9 /* Info.plist */ = {isa = PBXFileReference; lastKnownFileType = text.plist.xml; path = Info.plist; sourceTree = "<group>"; };
		9276A3DA1EAF7D07002E22A9 /* SecondViewController.swift */ = {isa = PBXFileReference; fileEncoding = 4; lastKnownFileType = sourcecode.swift; path = SecondViewController.swift; sourceTree = "<group>"; };
		9276A3DC1EAF7E15002E22A9 /* ThirdViewController.swift */ = {isa = PBXFileReference; fileEncoding = 4; lastKnownFileType = sourcecode.swift; path = ThirdViewController.swift; sourceTree = "<group>"; };
/* End PBXFileReference section */

/* Begin PBXFrameworksBuildPhase section */
		9276A3A61EAF7421002E22A9 /* Frameworks */ = {
			isa = PBXFrameworksBuildPhase;
			buildActionMask = 2147483647;
			files = (
			);
			runOnlyForDeploymentPostprocessing = 0;
		};
		9276A3BA1EAF7421002E22A9 /* Frameworks */ = {
			isa = PBXFrameworksBuildPhase;
			buildActionMask = 2147483647;
			files = (
			);
			runOnlyForDeploymentPostprocessing = 0;
		};
		9276A3C51EAF7421002E22A9 /* Frameworks */ = {
			isa = PBXFrameworksBuildPhase;
			buildActionMask = 2147483647;
			files = (
			);
			runOnlyForDeploymentPostprocessing = 0;
		};
/* End PBXFrameworksBuildPhase section */

/* Begin PBXGroup section */
		9276A3A01EAF7421002E22A9 = {
			isa = PBXGroup;
			children = (
				9276A3AB1EAF7421002E22A9 /* ControlsDemo */,
				9276A3C01EAF7421002E22A9 /* ControlsDemoTests */,
				9276A3CB1EAF7421002E22A9 /* ControlsDemoUITests */,
				9276A3AA1EAF7421002E22A9 /* Products */,
			);
			sourceTree = "<group>";
		};
		9276A3AA1EAF7421002E22A9 /* Products */ = {
			isa = PBXGroup;
			children = (
				9276A3A91EAF7421002E22A9 /* ControlsDemo.app */,
				9276A3BD1EAF7421002E22A9 /* ControlsDemoTests.xctest */,
				9276A3C81EAF7421002E22A9 /* ControlsDemoUITests.xctest */,
			);
			name = Products;
			sourceTree = "<group>";
		};
		9276A3AB1EAF7421002E22A9 /* ControlsDemo */ = {
			isa = PBXGroup;
			children = (
				9276A3AC1EAF7421002E22A9 /* AppDelegate.swift */,
				9276A3AE1EAF7421002E22A9 /* ViewController.swift */,
				9276A3B01EAF7421002E22A9 /* Main.storyboard */,
				9276A3B31EAF7421002E22A9 /* Assets.xcassets */,
				9276A3B51EAF7421002E22A9 /* LaunchScreen.storyboard */,
				9276A3B81EAF7421002E22A9 /* Info.plist */,
				9276A3DA1EAF7D07002E22A9 /* SecondViewController.swift */,
				9276A3DC1EAF7E15002E22A9 /* ThirdViewController.swift */,
			);
			path = ControlsDemo;
			sourceTree = "<group>";
		};
		9276A3C01EAF7421002E22A9 /* ControlsDemoTests */ = {
			isa = PBXGroup;
			children = (
				9276A3C11EAF7421002E22A9 /* ControlsDemoTests.swift */,
				9276A3C31EAF7421002E22A9 /* Info.plist */,
			);
			path = ControlsDemoTests;
			sourceTree = "<group>";
		};
		9276A3CB1EAF7421002E22A9 /* ControlsDemoUITests */ = {
			isa = PBXGroup;
			children = (
				9276A3CC1EAF7421002E22A9 /* ControlsDemoUITests.swift */,
				9276A3CE1EAF7421002E22A9 /* Info.plist */,
			);
			path = ControlsDemoUITests;
			sourceTree = "<group>";
		};
/* End PBXGroup section */

/* Begin PBXNativeTarget section */
		9276A3A81EAF7421002E22A9 /* ControlsDemo */ = {
			isa = PBXNativeTarget;
			buildConfigurationList = 9276A3D11EAF7421002E22A9 /* Build configuration list for PBXNativeTarget "ControlsDemo" */;
			buildPhases = (
				9276A3A51EAF7421002E22A9 /* Sources */,
				9276A3A61EAF7421002E22A9 /* Frameworks */,
				9276A3A71EAF7421002E22A9 /* Resources */,
			);
			buildRules = (
			);
			dependencies = (
			);
			name = ControlsDemo;
			productName = ControlsDemo;
			productReference = 9276A3A91EAF7421002E22A9 /* ControlsDemo.app */;
			productType = "com.apple.product-type.application";
		};
		9276A3BC1EAF7421002E22A9 /* ControlsDemoTests */ = {
			isa = PBXNativeTarget;
			buildConfigurationList = 9276A3D41EAF7421002E22A9 /* Build configuration list for PBXNativeTarget "ControlsDemoTests" */;
			buildPhases = (
				9276A3B91EAF7421002E22A9 /* Sources */,
				9276A3BA1EAF7421002E22A9 /* Frameworks */,
				9276A3BB1EAF7421002E22A9 /* Resources */,
			);
			buildRules = (
			);
			dependencies = (
				9276A3BF1EAF7421002E22A9 /* PBXTargetDependency */,
			);
			name = ControlsDemoTests;
			productName = ControlsDemoTests;
			productReference = 9276A3BD1EAF7421002E22A9 /* ControlsDemoTests.xctest */;
			productType = "com.apple.product-type.bundle.unit-test";
		};
		9276A3C71EAF7421002E22A9 /* ControlsDemoUITests */ = {
			isa = PBXNativeTarget;
			buildConfigurationList = 9276A3D71EAF7421002E22A9 /* Build configuration list for PBXNativeTarget "ControlsDemoUITests" */;
			buildPhases = (
				9276A3C41EAF7421002E22A9 /* Sources */,
				9276A3C51EAF7421002E22A9 /* Frameworks */,
				9276A3C61EAF7421002E22A9 /* Resources */,
			);
			buildRules = (
			);
			dependencies = (
				9276A3CA1EAF7421002E22A9 /* PBXTargetDependency */,
			);
			name = ControlsDemoUITests;
			productName = ControlsDemoUITests;
			productReference = 9276A3C81EAF7421002E22A9 /* ControlsDemoUITests.xctest */;
			productType = "com.apple.product-type.bundle.ui-testing";
		};
/* End PBXNativeTarget section */

/* Begin PBXProject section */
		9276A3A11EAF7421002E22A9 /* Project object */ = {
			isa = PBXProject;
			attributes = {
				LastSwiftUpdateCheck = 0830;
				LastUpgradeCheck = 0830;
				ORGANIZATIONNAME = mrwang90hou;
				TargetAttributes = {
					9276A3A81EAF7421002E22A9 = {
						CreatedOnToolsVersion = 8.3;
						DevelopmentTeam = 3M7MSD7MMC;
						ProvisioningStyle = Automatic;
					};
					9276A3BC1EAF7421002E22A9 = {
						CreatedOnToolsVersion = 8.3;
						DevelopmentTeam = 3M7MSD7MMC;
						ProvisioningStyle = Automatic;
						TestTargetID = 9276A3A81EAF7421002E22A9;
					};
					9276A3C71EAF7421002E22A9 = {
						CreatedOnToolsVersion = 8.3;
						DevelopmentTeam = 3M7MSD7MMC;
						ProvisioningStyle = Automatic;
						TestTargetID = 9276A3A81EAF7421002E22A9;
					};
				};
			};
			buildConfigurationList = 9276A3A41EAF7421002E22A9 /* Build configuration list for PBXProject "ControlsDemo" */;
			compatibilityVersion = "Xcode 3.2";
			developmentRegion = English;
			hasScannedForEncodings = 0;
			knownRegions = (
				en,
				Base,
			);
			mainGroup = 9276A3A01EAF7421002E22A9;
			productRefGroup = 9276A3AA1EAF7421002E22A9 /* Products */;
			projectDirPath = "";
			projectRoot = "";
			targets = (
				9276A3A81EAF7421002E22A9 /* ControlsDemo */,
				9276A3BC1EAF7421002E22A9 /* ControlsDemoTests */,
				9276A3C71EAF7421002E22A9 /* ControlsDemoUITests */,
			);
		};
/* End PBXProject section */

/* Begin PBXResourcesBuildPhase section */
		9276A3A71EAF7421002E22A9 /* Resources */ = {
			isa = PBXResourcesBuildPhase;
			buildActionMask = 2147483647;
			files = (
				9276A3B71EAF7421002E22A9 /* LaunchScreen.storyboard in Resources */,
				9276A3B41EAF7421002E22A9 /* Assets.xcassets in Resources */,
				9276A3B21EAF7421002E22A9 /* Main.storyboard in Resources */,
			);
			runOnlyForDeploymentPostprocessing = 0;
		};
		9276A3BB1EAF7421002E22A9 /* Resources */ = {
			isa = PBXResourcesBuildPhase;
			buildActionMask = 2147483647;
			files = (
			);
			runOnlyForDeploymentPostprocessing = 0;
		};
		9276A3C61EAF7421002E22A9 /* Resources */ = {
			isa = PBXResourcesBuildPhase;
			buildActionMask = 2147483647;
			files = (
			);
			runOnlyForDeploymentPostprocessing = 0;
		};
/* End PBXResourcesBuildPhase section */

/* Begin PBXSourcesBuildPhase section */
		9276A3A51EAF7421002E22A9 /* Sources */ = {
			isa = PBXSourcesBuildPhase;
			buildActionMask = 2147483647;
			files = (
				9276A3DB1EAF7D07002E22A9 /* SecondViewController.swift in Sources */,
				9276A3AF1EAF7421002E22A9 /* ViewController.swift in Sources */,
				9276A3DD1EAF7E15002E22A9 /* ThirdViewController.swift in Sources */,
				9276A3AD1EAF7421002E22A9 /* AppDelegate.swift in Sources */,
			);
			runOnlyForDeploymentPostprocessing = 0;
		};
		9276A3B91EAF7421002E22A9 /* Sources */ = {
			isa = PBXSourcesBuildPhase;
			buildActionMask = 2147483647;
			files = (
				9276A3C21EAF7421002E22A9 /* ControlsDemoTests.swift in Sources */,
			);
			runOnlyForDeploymentPostprocessing = 0;
		};
		9276A3C41EAF7421002E22A9 /* Sources */ = {
			isa = PBXSourcesBuildPhase;
			buildActionMask = 2147483647;
			files = (
				9276A3CD1EAF7421002E22A9 /* ControlsDemoUITests.swift in Sources */,
			);
			runOnlyForDeploymentPostprocessing = 0;
		};
/* End PBXSourcesBuildPhase section */

/* Begin PBXTargetDependency section */
		9276A3BF1EAF7421002E22A9 /* PBXTargetDependency */ = {
			isa = PBXTargetDependency;
			target = 9276A3A81EAF7421002E22A9 /* ControlsDemo */;
			targetProxy = 9276A3BE1EAF7421002E22A9 /* PBXContainerItemProxy */;
		};
		9276A3CA1EAF7421002E22A9 /* PBXTargetDependency */ = {
			isa = PBXTargetDependency;
			target = 9276A3A81EAF7421002E22A9 /* ControlsDemo */;
			targetProxy = 9276A3C91EAF7421002E22A9 /* PBXContainerItemProxy */;
		};
/* End PBXTargetDependency section */

/* Begin PBXVariantGroup section */
		9276A3B01EAF7421002E22A9 /* Main.storyboard */ = {
			isa = PBXVariantGroup;
			children = (
				9276A3B11EAF7421002E22A9 /* Base */,
			);
			name = Main.storyboard;
			sourceTree = "<group>";
		};
		9276A3B51EAF7421002E22A9 /* LaunchScreen.storyboard */ = {
			isa = PBXVariantGroup;
			children = (
				9276A3B61EAF7421002E22A9 /* Base */,
			);
			name = LaunchScreen.storyboard;
			sourceTree = "<group>";
		};
/* End PBXVariantGroup section */

/* Begin XCBuildConfiguration section */
		9276A3CF1EAF7421002E22A9 /* Debug */ = {
			isa = XCBuildConfiguration;
			buildSettings = {
				ALWAYS_SEARCH_USER_PATHS = NO;
				CLANG_ANALYZER_NONNULL = YES;
				CLANG_ANALYZER_NUMBER_OBJECT_CONVERSION = YES_AGGRESSIVE;
				CLANG_CXX_LANGUAGE_STANDARD = "gnu++0x";
				CLANG_CXX_LIBRARY = "libc++";
				CLANG_ENABLE_MODULES = YES;
				CLANG_ENABLE_OBJC_ARC = YES;
				CLANG_WARN_BOOL_CONVERSION = YES;
				CLANG_WARN_CONSTANT_CONVERSION = YES;
				CLANG_WARN_DIRECT_OBJC_ISA_USAGE = YES_ERROR;
				CLANG_WARN_DOCUMENTATION_COMMENTS = YES;
				CLANG_WARN_EMPTY_BODY = YES;
				CLANG_WARN_ENUM_CONVERSION = YES;
				CLANG_WARN_INFINITE_RECURSION = YES;
				CLANG_WARN_INT_CONVERSION = YES;
				CLANG_WARN_OBJC_ROOT_CLASS = YES_ERROR;
				CLANG_WARN_SUSPICIOUS_MOVE = YES;
				CLANG_WARN_UNREACHABLE_CODE = YES;
				CLANG_WARN__DUPLICATE_METHOD_MATCH = YES;
				"CODE_SIGN_IDENTITY[sdk=iphoneos*]" = "iPhone Developer";
				COPY_PHASE_STRIP = NO;
				DEBUG_INFORMATION_FORMAT = dwarf;
				ENABLE_STRICT_OBJC_MSGSEND = YES;
				ENABLE_TESTABILITY = YES;
				GCC_C_LANGUAGE_STANDARD = gnu99;
				GCC_DYNAMIC_NO_PIC = NO;
				GCC_NO_COMMON_BLOCKS = YES;
				GCC_OPTIMIZATION_LEVEL = 0;
				GCC_PREPROCESSOR_DEFINITIONS = (
					"DEBUG=1",
					"$(inherited)",
				);
				GCC_WARN_64_TO_32_BIT_CONVERSION = YES;
				GCC_WARN_ABOUT_RETURN_TYPE = YES_ERROR;
				GCC_WARN_UNDECLARED_SELECTOR = YES;
				GCC_WARN_UNINITIALIZED_AUTOS = YES_AGGRESSIVE;
				GCC_WARN_UNUSED_FUNCTION = YES;
				GCC_WARN_UNUSED_VARIABLE = YES;
				IPHONEOS_DEPLOYMENT_TARGET = 10.3;
				MTL_ENABLE_DEBUG_INFO = YES;
				ONLY_ACTIVE_ARCH = YES;
				SDKROOT = iphoneos;
				SWIFT_ACTIVE_COMPILATION_CONDITIONS = DEBUG;
				SWIFT_OPTIMIZATION_LEVEL = "-Onone";
			};
			name = Debug;
		};
		9276A3D01EAF7421002E22A9 /* Release */ = {
			isa = XCBuildConfiguration;
			buildSettings = {
				ALWAYS_SEARCH_USER_PATHS = NO;
				CLANG_ANALYZER_NONNULL = YES;
				CLANG_ANALYZER_NUMBER_OBJECT_CONVERSION = YES_AGGRESSIVE;
				CLANG_CXX_LANGUAGE_STANDARD = "gnu++0x";
				CLANG_CXX_LIBRARY = "libc++";
				CLANG_ENABLE_MODULES = YES;
				CLANG_ENABLE_OBJC_ARC = YES;
				CLANG_WARN_BOOL_CONVERSION = YES;
				CLANG_WARN_CONSTANT_CONVERSION = YES;
				CLANG_WARN_DIRECT_OBJC_ISA_USAGE = YES_ERROR;
				CLANG_WARN_DOCUMENTATION_COMMENTS = YES;
				CLANG_WARN_EMPTY_BODY = YES;
				CLANG_WARN_ENUM_CONVERSION = YES;
				CLANG_WARN_INFINITE_RECURSION = YES;
				CLANG_WARN_INT_CONVERSION = YES;
				CLANG_WARN_OBJC_ROOT_CLASS = YES_ERROR;
				CLANG_WARN_SUSPICIOUS_MOVE = YES;
				CLANG_WARN_UNREACHABLE_CODE = YES;
				CLANG_WARN__DUPLICATE_METHOD_MATCH = YES;
				"CODE_SIGN_IDENTITY[sdk=iphoneos*]" = "iPhone Developer";
				COPY_PHASE_STRIP = NO;
				DEBUG_INFORMATION_FORMAT = "dwarf-with-dsym";
				ENABLE_NS_ASSERTIONS = NO;
				ENABLE_STRICT_OBJC_MSGSEND = YES;
				GCC_C_LANGUAGE_STANDARD = gnu99;
				GCC_NO_COMMON_BLOCKS = YES;
				GCC_WARN_64_TO_32_BIT_CONVERSION = YES;
				GCC_WARN_ABOUT_RETURN_TYPE = YES_ERROR;
				GCC_WARN_UNDECLARED_SELECTOR = YES;
				GCC_WARN_UNINITIALIZED_AUTOS = YES_AGGRESSIVE;
				GCC_WARN_UNUSED_FUNCTION = YES;
				GCC_WARN_UNUSED_VARIABLE = YES;
				IPHONEOS_DEPLOYMENT_TARGET = 10.3;
				MTL_ENABLE_DEBUG_INFO = NO;
				SDKROOT = iphoneos;
				SWIFT_OPTIMIZATION_LEVEL = "-Owholemodule";
				VALIDATE_PRODUCT = YES;
			};
			name = Release;
		};
		9276A3D21EAF7421002E22A9 /* Debug */ = {
			isa = XCBuildConfiguration;
			buildSettings = {
				ASSETCATALOG_COMPILER_APPICON_NAME = AppIcon;
				DEVELOPMENT_TEAM = 3M7MSD7MMC;
				INFOPLIST_FILE = ControlsDemo/Info.plist;
				LD_RUNPATH_SEARCH_PATHS = "$(inherited) @executable_path/Frameworks";
				PRODUCT_BUNDLE_IDENTIFIER = "mrwang90hou-163.com.ControlsDemo";
				PRODUCT_NAME = "$(TARGET_NAME)";
				SWIFT_VERSION = 3.0;
			};
			name = Debug;
		};
		9276A3D31EAF7421002E22A9 /* Release */ = {
			isa = XCBuildConfiguration;
			buildSettings = {
				ASSETCATALOG_COMPILER_APPICON_NAME = AppIcon;
				DEVELOPMENT_TEAM = 3M7MSD7MMC;
				INFOPLIST_FILE = ControlsDemo/Info.plist;
				LD_RUNPATH_SEARCH_PATHS = "$(inherited) @executable_path/Frameworks";
				PRODUCT_BUNDLE_IDENTIFIER = "mrwang90hou-163.com.ControlsDemo";
				PRODUCT_NAME = "$(TARGET_NAME)";
				SWIFT_VERSION = 3.0;
			};
			name = Release;
		};
		9276A3D51EAF7421002E22A9 /* Debug */ = {
			isa = XCBuildConfiguration;
			buildSettings = {
				ALWAYS_EMBED_SWIFT_STANDARD_LIBRARIES = YES;
				BUNDLE_LOADER = "$(TEST_HOST)";
				DEVELOPMENT_TEAM = 3M7MSD7MMC;
				INFOPLIST_FILE = ControlsDemoTests/Info.plist;
				LD_RUNPATH_SEARCH_PATHS = "$(inherited) @executable_path/Frameworks @loader_path/Frameworks";
				PRODUCT_BUNDLE_IDENTIFIER = "mrwang90hou-163.com.ControlsDemoTests";
				PRODUCT_NAME = "$(TARGET_NAME)";
				SWIFT_VERSION = 3.0;
				TEST_HOST = "$(BUILT_PRODUCTS_DIR)/ControlsDemo.app/ControlsDemo";
			};
			name = Debug;
		};
		9276A3D61EAF7421002E22A9 /* Release */ = {
			isa = XCBuildConfiguration;
			buildSettings = {
				ALWAYS_EMBED_SWIFT_STANDARD_LIBRARIES = YES;
				BUNDLE_LOADER = "$(TEST_HOST)";
				DEVELOPMENT_TEAM = 3M7MSD7MMC;
				INFOPLIST_FILE = ControlsDemoTests/Info.plist;
				LD_RUNPATH_SEARCH_PATHS = "$(inherited) @executable_path/Frameworks @loader_path/Frameworks";
				PRODUCT_BUNDLE_IDENTIFIER = "mrwang90hou-163.com.ControlsDemoTests";
				PRODUCT_NAME = "$(TARGET_NAME)";
				SWIFT_VERSION = 3.0;
				TEST_HOST = "$(BUILT_PRODUCTS_DIR)/ControlsDemo.app/ControlsDemo";
			};
			name = Release;
		};
		9276A3D81EAF7421002E22A9 /* Debug */ = {
			isa = XCBuildConfiguration;
			buildSettings = {
				ALWAYS_EMBED_SWIFT_STANDARD_LIBRARIES = YES;
				DEVELOPMENT_TEAM = 3M7MSD7MMC;
				INFOPLIST_FILE = ControlsDemoUITests/Info.plist;
				LD_RUNPATH_SEARCH_PATHS = "$(inherited) @executable_path/Frameworks @loader_path/Frameworks";
				PRODUCT_BUNDLE_IDENTIFIER = "mrwang90hou-163.com.ControlsDemoUITests";
				PRODUCT_NAME = "$(TARGET_NAME)";
				SWIFT_VERSION = 3.0;
				TEST_TARGET_NAME = ControlsDemo;
			};
			name = Debug;
		};
		9276A3D91EAF7421002E22A9 /* Release */ = {
			isa = XCBuildConfiguration;
			buildSettings = {
				ALWAYS_EMBED_SWIFT_STANDARD_LIBRARIES = YES;
				DEVELOPMENT_TEAM = 3M7MSD7MMC;
				INFOPLIST_FILE = ControlsDemoUITests/Info.plist;
				LD_RUNPATH_SEARCH_PATHS = "$(inherited) @executable_path/Frameworks @loader_path/Frameworks";
				PRODUCT_BUNDLE_IDENTIFIER = "mrwang90hou-163.com.ControlsDemoUITests";
				PRODUCT_NAME = "$(TARGET_NAME)";
				SWIFT_VERSION = 3.0;
				TEST_TARGET_NAME = ControlsDemo;
			};
			name = Release;
		};
/* End XCBuildConfiguration section */

/* Begin XCConfigurationList section */
		9276A3A41EAF7421002E22A9 /* Build configuration list for PBXProject "ControlsDemo" */ = {
			isa = XCConfigurationList;
			buildConfigurations = (
				9276A3CF1EAF7421002E22A9 /* Debug */,
				9276A3D01EAF7421002E22A9 /* Release */,
			);
			defaultConfigurationIsVisible = 0;
			defaultConfigurationName = Release;
		};
		9276A3D11EAF7421002E22A9 /* Build configuration list for PBXNativeTarget "ControlsDemo" */ = {
			isa = XCConfigurationList;
			buildConfigurations = (
				9276A3D21EAF7421002E22A9 /* Debug */,
				9276A3D31EAF7421002E22A9 /* Release */,
			);
			defaultConfigurationIsVisible = 0;
		};
		9276A3D41EAF7421002E22A9 /* Build configuration list for PBXNativeTarget "ControlsDemoTests" */ = {
			isa = XCConfigurationList;
			buildConfigurations = (
				9276A3D51EAF7421002E22A9 /* Debug */,
				9276A3D61EAF7421002E22A9 /* Release */,
			);
			defaultConfigurationIsVisible = 0;
		};
		9276A3D71EAF7421002E22A9 /* Build configuration list for PBXNativeTarget "ControlsDemoUITests" */ = {
			isa = XCConfigurationList;
			buildConfigurations = (
				9276A3D81EAF7421002E22A9 /* Debug */,
				9276A3D91EAF7421002E22A9 /* Release */,
			);
			defaultConfigurationIsVisible = 0;
		};
/* End XCConfigurationList section */
	};
	rootObject = 9276A3A11EAF7421002E22A9 /* Project object */;
}
