// !$*UTF8*$!
{
	archiveVersion = 1;
	classes = {
	};
	objectVersion = 46;
	objects = {

/* Begin PBXBuildFile section */
		92E656991EC49FD600671540 /* AppDelegate.swift in Sources */ = {isa = PBXBuildFile; fileRef = 92E656981EC49FD600671540 /* AppDelegate.swift */; };
		92E6569B1EC49FD600671540 /* ViewController.swift in Sources */ = {isa = PBXBuildFile; fileRef = 92E6569A1EC49FD600671540 /* ViewController.swift */; };
		92E6569E1EC49FD600671540 /* Main.storyboard in Resources */ = {isa = PBXBuildFile; fileRef = 92E6569C1EC49FD600671540 /* Main.storyboard */; };
		92E656A01EC49FD600671540 /* Assets.xcassets in Resources */ = {isa = PBXBuildFile; fileRef = 92E6569F1EC49FD600671540 /* Assets.xcassets */; };
		92E656A31EC49FD600671540 /* LaunchScreen.storyboard in Resources */ = {isa = PBXBuildFile; fileRef = 92E656A11EC49FD600671540 /* LaunchScreen.storyboard */; };
		92E656AE1EC49FD600671540 /* UserDefineedControl_studentTests.swift in Sources */ = {isa = PBXBuildFile; fileRef = 92E656AD1EC49FD600671540 /* UserDefineedControl_studentTests.swift */; };
		92E656B91EC49FD600671540 /* UserDefineedControl_studentUITests.swift in Sources */ = {isa = PBXBuildFile; fileRef = 92E656B81EC49FD600671540 /* UserDefineedControl_studentUITests.swift */; };
		92E656C71EC4A00C00671540 /* MyLabel.swift in Sources */ = {isa = PBXBuildFile; fileRef = 92E656C61EC4A00C00671540 /* MyLabel.swift */; };
/* End PBXBuildFile section */

/* Begin PBXContainerItemProxy section */
		92E656AA1EC49FD600671540 /* PBXContainerItemProxy */ = {
			isa = PBXContainerItemProxy;
			containerPortal = 92E6568D1EC49FD600671540 /* Project object */;
			proxyType = 1;
			remoteGlobalIDString = 92E656941EC49FD600671540;
			remoteInfo = UserDefineedControl_student;
		};
		92E656B51EC49FD600671540 /* PBXContainerItemProxy */ = {
			isa = PBXContainerItemProxy;
			containerPortal = 92E6568D1EC49FD600671540 /* Project object */;
			proxyType = 1;
			remoteGlobalIDString = 92E656941EC49FD600671540;
			remoteInfo = UserDefineedControl_student;
		};
/* End PBXContainerItemProxy section */

/* Begin PBXFileReference section */
		92E656951EC49FD600671540 /* UserDefineedControl_student.app */ = {isa = PBXFileReference; explicitFileType = wrapper.application; includeInIndex = 0; path = UserDefineedControl_student.app; sourceTree = BUILT_PRODUCTS_DIR; };
		92E656981EC49FD600671540 /* AppDelegate.swift */ = {isa = PBXFileReference; lastKnownFileType = sourcecode.swift; path = AppDelegate.swift; sourceTree = "<group>"; };
		92E6569A1EC49FD600671540 /* ViewController.swift */ = {isa = PBXFileReference; lastKnownFileType = sourcecode.swift; path = ViewController.swift; sourceTree = "<group>"; };
		92E6569D1EC49FD600671540 /* Base */ = {isa = PBXFileReference; lastKnownFileType = file.storyboard; name = Base; path = Base.lproj/Main.storyboard; sourceTree = "<group>"; };
		92E6569F1EC49FD600671540 /* Assets.xcassets */ = {isa = PBXFileReference; lastKnownFileType = folder.assetcatalog; path = Assets.xcassets; sourceTree = "<group>"; };
		92E656A21EC49FD600671540 /* Base */ = {isa = PBXFileReference; lastKnownFileType = file.storyboard; name = Base; path = Base.lproj/LaunchScreen.storyboard; sourceTree = "<group>"; };
		92E656A41EC49FD600671540 /* Info.plist */ = {isa = PBXFileReference; lastKnownFileType = text.plist.xml; path = Info.plist; sourceTree = "<group>"; };
		92E656A91EC49FD600671540 /* UserDefineedControl_studentTests.xctest */ = {isa = PBXFileReference; explicitFileType = wrapper.cfbundle; includeInIndex = 0; path = UserDefineedControl_studentTests.xctest; sourceTree = BUILT_PRODUCTS_DIR; };
		92E656AD1EC49FD600671540 /* UserDefineedControl_studentTests.swift */ = {isa = PBXFileReference; lastKnownFileType = sourcecode.swift; path = UserDefineedControl_studentTests.swift; sourceTree = "<group>"; };
		92E656AF1EC49FD600671540 /* Info.plist */ = {isa = PBXFileReference; lastKnownFileType = text.plist.xml; path = Info.plist; sourceTree = "<group>"; };
		92E656B41EC49FD600671540 /* UserDefineedControl_studentUITests.xctest */ = {isa = PBXFileReference; explicitFileType = wrapper.cfbundle; includeInIndex = 0; path = UserDefineedControl_studentUITests.xctest; sourceTree = BUILT_PRODUCTS_DIR; };
		92E656B81EC49FD600671540 /* UserDefineedControl_studentUITests.swift */ = {isa = PBXFileReference; lastKnownFileType = sourcecode.swift; path = UserDefineedControl_studentUITests.swift; sourceTree = "<group>"; };
		92E656BA1EC49FD600671540 /* Info.plist */ = {isa = PBXFileReference; lastKnownFileType = text.plist.xml; path = Info.plist; sourceTree = "<group>"; };
		92E656C61EC4A00C00671540 /* MyLabel.swift */ = {isa = PBXFileReference; fileEncoding = 4; lastKnownFileType = sourcecode.swift; path = MyLabel.swift; sourceTree = "<group>"; };
/* End PBXFileReference section */

/* Begin PBXFrameworksBuildPhase section */
		92E656921EC49FD600671540 /* Frameworks */ = {
			isa = PBXFrameworksBuildPhase;
			buildActionMask = 2147483647;
			files = (
			);
			runOnlyForDeploymentPostprocessing = 0;
		};
		92E656A61EC49FD600671540 /* Frameworks */ = {
			isa = PBXFrameworksBuildPhase;
			buildActionMask = 2147483647;
			files = (
			);
			runOnlyForDeploymentPostprocessing = 0;
		};
		92E656B11EC49FD600671540 /* Frameworks */ = {
			isa = PBXFrameworksBuildPhase;
			buildActionMask = 2147483647;
			files = (
			);
			runOnlyForDeploymentPostprocessing = 0;
		};
/* End PBXFrameworksBuildPhase section */

/* Begin PBXGroup section */
		92E6568C1EC49FD600671540 = {
			isa = PBXGroup;
			children = (
				92E656971EC49FD600671540 /* UserDefineedControl_student */,
				92E656AC1EC49FD600671540 /* UserDefineedControl_studentTests */,
				92E656B71EC49FD600671540 /* UserDefineedControl_studentUITests */,
				92E656961EC49FD600671540 /* Products */,
			);
			sourceTree = "<group>";
		};
		92E656961EC49FD600671540 /* Products */ = {
			isa = PBXGroup;
			children = (
				92E656951EC49FD600671540 /* UserDefineedControl_student.app */,
				92E656A91EC49FD600671540 /* UserDefineedControl_studentTests.xctest */,
				92E656B41EC49FD600671540 /* UserDefineedControl_studentUITests.xctest */,
			);
			name = Products;
			sourceTree = "<group>";
		};
		92E656971EC49FD600671540 /* UserDefineedControl_student */ = {
			isa = PBXGroup;
			children = (
				92E656981EC49FD600671540 /* AppDelegate.swift */,
				92E6569A1EC49FD600671540 /* ViewController.swift */,
				92E6569C1EC49FD600671540 /* Main.storyboard */,
				92E6569F1EC49FD600671540 /* Assets.xcassets */,
				92E656A11EC49FD600671540 /* LaunchScreen.storyboard */,
				92E656A41EC49FD600671540 /* Info.plist */,
				92E656C61EC4A00C00671540 /* MyLabel.swift */,
			);
			path = UserDefineedControl_student;
			sourceTree = "<group>";
		};
		92E656AC1EC49FD600671540 /* UserDefineedControl_studentTests */ = {
			isa = PBXGroup;
			children = (
				92E656AD1EC49FD600671540 /* UserDefineedControl_studentTests.swift */,
				92E656AF1EC49FD600671540 /* Info.plist */,
			);
			path = UserDefineedControl_studentTests;
			sourceTree = "<group>";
		};
		92E656B71EC49FD600671540 /* UserDefineedControl_studentUITests */ = {
			isa = PBXGroup;
			children = (
				92E656B81EC49FD600671540 /* UserDefineedControl_studentUITests.swift */,
				92E656BA1EC49FD600671540 /* Info.plist */,
			);
			path = UserDefineedControl_studentUITests;
			sourceTree = "<group>";
		};
/* End PBXGroup section */

/* Begin PBXNativeTarget section */
		92E656941EC49FD600671540 /* UserDefineedControl_student */ = {
			isa = PBXNativeTarget;
			buildConfigurationList = 92E656BD1EC49FD600671540 /* Build configuration list for PBXNativeTarget "UserDefineedControl_student" */;
			buildPhases = (
				92E656911EC49FD600671540 /* Sources */,
				92E656921EC49FD600671540 /* Frameworks */,
				92E656931EC49FD600671540 /* Resources */,
			);
			buildRules = (
			);
			dependencies = (
			);
			name = UserDefineedControl_student;
			productName = UserDefineedControl_student;
			productReference = 92E656951EC49FD600671540 /* UserDefineedControl_student.app */;
			productType = "com.apple.product-type.application";
		};
		92E656A81EC49FD600671540 /* UserDefineedControl_studentTests */ = {
			isa = PBXNativeTarget;
			buildConfigurationList = 92E656C01EC49FD600671540 /* Build configuration list for PBXNativeTarget "UserDefineedControl_studentTests" */;
			buildPhases = (
				92E656A51EC49FD600671540 /* Sources */,
				92E656A61EC49FD600671540 /* Frameworks */,
				92E656A71EC49FD600671540 /* Resources */,
			);
			buildRules = (
			);
			dependencies = (
				92E656AB1EC49FD600671540 /* PBXTargetDependency */,
			);
			name = UserDefineedControl_studentTests;
			productName = UserDefineedControl_studentTests;
			productReference = 92E656A91EC49FD600671540 /* UserDefineedControl_studentTests.xctest */;
			productType = "com.apple.product-type.bundle.unit-test";
		};
		92E656B31EC49FD600671540 /* UserDefineedControl_studentUITests */ = {
			isa = PBXNativeTarget;
			buildConfigurationList = 92E656C31EC49FD600671540 /* Build configuration list for PBXNativeTarget "UserDefineedControl_studentUITests" */;
			buildPhases = (
				92E656B01EC49FD600671540 /* Sources */,
				92E656B11EC49FD600671540 /* Frameworks */,
				92E656B21EC49FD600671540 /* Resources */,
			);
			buildRules = (
			);
			dependencies = (
				92E656B61EC49FD600671540 /* PBXTargetDependency */,
			);
			name = UserDefineedControl_studentUITests;
			productName = UserDefineedControl_studentUITests;
			productReference = 92E656B41EC49FD600671540 /* UserDefineedControl_studentUITests.xctest */;
			productType = "com.apple.product-type.bundle.ui-testing";
		};
/* End PBXNativeTarget section */

/* Begin PBXProject section */
		92E6568D1EC49FD600671540 /* Project object */ = {
			isa = PBXProject;
			attributes = {
				LastSwiftUpdateCheck = 0830;
				LastUpgradeCheck = 0830;
				ORGANIZATIONNAME = mrwang90hou;
				TargetAttributes = {
					92E656941EC49FD600671540 = {
						CreatedOnToolsVersion = 8.3;
						DevelopmentTeam = 3M7MSD7MMC;
						ProvisioningStyle = Automatic;
					};
					92E656A81EC49FD600671540 = {
						CreatedOnToolsVersion = 8.3;
						DevelopmentTeam = 3M7MSD7MMC;
						ProvisioningStyle = Automatic;
						TestTargetID = 92E656941EC49FD600671540;
					};
					92E656B31EC49FD600671540 = {
						CreatedOnToolsVersion = 8.3;
						DevelopmentTeam = 3M7MSD7MMC;
						ProvisioningStyle = Automatic;
						TestTargetID = 92E656941EC49FD600671540;
					};
				};
			};
			buildConfigurationList = 92E656901EC49FD600671540 /* Build configuration list for PBXProject "UserDefineedControl_student" */;
			compatibilityVersion = "Xcode 3.2";
			developmentRegion = English;
			hasScannedForEncodings = 0;
			knownRegions = (
				en,
				Base,
			);
			mainGroup = 92E6568C1EC49FD600671540;
			productRefGroup = 92E656961EC49FD600671540 /* Products */;
			projectDirPath = "";
			projectRoot = "";
			targets = (
				92E656941EC49FD600671540 /* UserDefineedControl_student */,
				92E656A81EC49FD600671540 /* UserDefineedControl_studentTests */,
				92E656B31EC49FD600671540 /* UserDefineedControl_studentUITests */,
			);
		};
/* End PBXProject section */

/* Begin PBXResourcesBuildPhase section */
		92E656931EC49FD600671540 /* Resources */ = {
			isa = PBXResourcesBuildPhase;
			buildActionMask = 2147483647;
			files = (
				92E656A31EC49FD600671540 /* LaunchScreen.storyboard in Resources */,
				92E656A01EC49FD600671540 /* Assets.xcassets in Resources */,
				92E6569E1EC49FD600671540 /* Main.storyboard in Resources */,
			);
			runOnlyForDeploymentPostprocessing = 0;
		};
		92E656A71EC49FD600671540 /* Resources */ = {
			isa = PBXResourcesBuildPhase;
			buildActionMask = 2147483647;
			files = (
			);
			runOnlyForDeploymentPostprocessing = 0;
		};
		92E656B21EC49FD600671540 /* Resources */ = {
			isa = PBXResourcesBuildPhase;
			buildActionMask = 2147483647;
			files = (
			);
			runOnlyForDeploymentPostprocessing = 0;
		};
/* End PBXResourcesBuildPhase section */

/* Begin PBXSourcesBuildPhase section */
		92E656911EC49FD600671540 /* Sources */ = {
			isa = PBXSourcesBuildPhase;
			buildActionMask = 2147483647;
			files = (
				92E6569B1EC49FD600671540 /* ViewController.swift in Sources */,
				92E656991EC49FD600671540 /* AppDelegate.swift in Sources */,
				92E656C71EC4A00C00671540 /* MyLabel.swift in Sources */,
			);
			runOnlyForDeploymentPostprocessing = 0;
		};
		92E656A51EC49FD600671540 /* Sources */ = {
			isa = PBXSourcesBuildPhase;
			buildActionMask = 2147483647;
			files = (
				92E656AE1EC49FD600671540 /* UserDefineedControl_studentTests.swift in Sources */,
			);
			runOnlyForDeploymentPostprocessing = 0;
		};
		92E656B01EC49FD600671540 /* Sources */ = {
			isa = PBXSourcesBuildPhase;
			buildActionMask = 2147483647;
			files = (
				92E656B91EC49FD600671540 /* UserDefineedControl_studentUITests.swift in Sources */,
			);
			runOnlyForDeploymentPostprocessing = 0;
		};
/* End PBXSourcesBuildPhase section */

/* Begin PBXTargetDependency section */
		92E656AB1EC49FD600671540 /* PBXTargetDependency */ = {
			isa = PBXTargetDependency;
			target = 92E656941EC49FD600671540 /* UserDefineedControl_student */;
			targetProxy = 92E656AA1EC49FD600671540 /* PBXContainerItemProxy */;
		};
		92E656B61EC49FD600671540 /* PBXTargetDependency */ = {
			isa = PBXTargetDependency;
			target = 92E656941EC49FD600671540 /* UserDefineedControl_student */;
			targetProxy = 92E656B51EC49FD600671540 /* PBXContainerItemProxy */;
		};
/* End PBXTargetDependency section */

/* Begin PBXVariantGroup section */
		92E6569C1EC49FD600671540 /* Main.storyboard */ = {
			isa = PBXVariantGroup;
			children = (
				92E6569D1EC49FD600671540 /* Base */,
			);
			name = Main.storyboard;
			sourceTree = "<group>";
		};
		92E656A11EC49FD600671540 /* LaunchScreen.storyboard */ = {
			isa = PBXVariantGroup;
			children = (
				92E656A21EC49FD600671540 /* Base */,
			);
			name = LaunchScreen.storyboard;
			sourceTree = "<group>";
		};
/* End PBXVariantGroup section */

/* Begin XCBuildConfiguration section */
		92E656BB1EC49FD600671540 /* Debug */ = {
			isa = XCBuildConfiguration;
			buildSettings = {
				ALWAYS_SEARCH_USER_PATHS = NO;
				CLANG_ANALYZER_NONNULL = YES;
				CLANG_ANALYZER_NUMBER_OBJECT_CONVERSION = YES_AGGRESSIVE;
				CLANG_CXX_LANGUAGE_STANDARD = "gnu++0x";
				CLANG_CXX_LIBRARY = "libc++";
				CLANG_ENABLE_MODULES = YES;
				CLANG_ENABLE_OBJC_ARC = YES;
				CLANG_WARN_BOOL_CONVERSION = YES;
				CLANG_WARN_CONSTANT_CONVERSION = YES;
				CLANG_WARN_DIRECT_OBJC_ISA_USAGE = YES_ERROR;
				CLANG_WARN_DOCUMENTATION_COMMENTS = YES;
				CLANG_WARN_EMPTY_BODY = YES;
				CLANG_WARN_ENUM_CONVERSION = YES;
				CLANG_WARN_INFINITE_RECURSION = YES;
				CLANG_WARN_INT_CONVERSION = YES;
				CLANG_WARN_OBJC_ROOT_CLASS = YES_ERROR;
				CLANG_WARN_SUSPICIOUS_MOVE = YES;
				CLANG_WARN_UNREACHABLE_CODE = YES;
				CLANG_WARN__DUPLICATE_METHOD_MATCH = YES;
				"CODE_SIGN_IDENTITY[sdk=iphoneos*]" = "iPhone Developer";
				COPY_PHASE_STRIP = NO;
				DEBUG_INFORMATION_FORMAT = dwarf;
				ENABLE_STRICT_OBJC_MSGSEND = YES;
				ENABLE_TESTABILITY = YES;
				GCC_C_LANGUAGE_STANDARD = gnu99;
				GCC_DYNAMIC_NO_PIC = NO;
				GCC_NO_COMMON_BLOCKS = YES;
				GCC_OPTIMIZATION_LEVEL = 0;
				GCC_PREPROCESSOR_DEFINITIONS = (
					"DEBUG=1",
					"$(inherited)",
				);
				GCC_WARN_64_TO_32_BIT_CONVERSION = YES;
				GCC_WARN_ABOUT_RETURN_TYPE = YES_ERROR;
				GCC_WARN_UNDECLARED_SELECTOR = YES;
				GCC_WARN_UNINITIALIZED_AUTOS = YES_AGGRESSIVE;
				GCC_WARN_UNUSED_FUNCTION = YES;
				GCC_WARN_UNUSED_VARIABLE = YES;
				IPHONEOS_DEPLOYMENT_TARGET = 10.3;
				MTL_ENABLE_DEBUG_INFO = YES;
				ONLY_ACTIVE_ARCH = YES;
				SDKROOT = iphoneos;
				SWIFT_ACTIVE_COMPILATION_CONDITIONS = DEBUG;
				SWIFT_OPTIMIZATION_LEVEL = "-Onone";
			};
			name = Debug;
		};
		92E656BC1EC49FD600671540 /* Release */ = {
			isa = XCBuildConfiguration;
			buildSettings = {
				ALWAYS_SEARCH_USER_PATHS = NO;
				CLANG_ANALYZER_NONNULL = YES;
				CLANG_ANALYZER_NUMBER_OBJECT_CONVERSION = YES_AGGRESSIVE;
				CLANG_CXX_LANGUAGE_STANDARD = "gnu++0x";
				CLANG_CXX_LIBRARY = "libc++";
				CLANG_ENABLE_MODULES = YES;
				CLANG_ENABLE_OBJC_ARC = YES;
				CLANG_WARN_BOOL_CONVERSION = YES;
				CLANG_WARN_CONSTANT_CONVERSION = YES;
				CLANG_WARN_DIRECT_OBJC_ISA_USAGE = YES_ERROR;
				CLANG_WARN_DOCUMENTATION_COMMENTS = YES;
				CLANG_WARN_EMPTY_BODY = YES;
				CLANG_WARN_ENUM_CONVERSION = YES;
				CLANG_WARN_INFINITE_RECURSION = YES;
				CLANG_WARN_INT_CONVERSION = YES;
				CLANG_WARN_OBJC_ROOT_CLASS = YES_ERROR;
				CLANG_WARN_SUSPICIOUS_MOVE = YES;
				CLANG_WARN_UNREACHABLE_CODE = YES;
				CLANG_WARN__DUPLICATE_METHOD_MATCH = YES;
				"CODE_SIGN_IDENTITY[sdk=iphoneos*]" = "iPhone Developer";
				COPY_PHASE_STRIP = NO;
				DEBUG_INFORMATION_FORMAT = "dwarf-with-dsym";
				ENABLE_NS_ASSERTIONS = NO;
				ENABLE_STRICT_OBJC_MSGSEND = YES;
				GCC_C_LANGUAGE_STANDARD = gnu99;
				GCC_NO_COMMON_BLOCKS = YES;
				GCC_WARN_64_TO_32_BIT_CONVERSION = YES;
				GCC_WARN_ABOUT_RETURN_TYPE = YES_ERROR;
				GCC_WARN_UNDECLARED_SELECTOR = YES;
				GCC_WARN_UNINITIALIZED_AUTOS = YES_AGGRESSIVE;
				GCC_WARN_UNUSED_FUNCTION = YES;
				GCC_WARN_UNUSED_VARIABLE = YES;
				IPHONEOS_DEPLOYMENT_TARGET = 10.3;
				MTL_ENABLE_DEBUG_INFO = NO;
				SDKROOT = iphoneos;
				SWIFT_OPTIMIZATION_LEVEL = "-Owholemodule";
				VALIDATE_PRODUCT = YES;
			};
			name = Release;
		};
		92E656BE1EC49FD600671540 /* Debug */ = {
			isa = XCBuildConfiguration;
			buildSettings = {
				ASSETCATALOG_COMPILER_APPICON_NAME = AppIcon;
				DEVELOPMENT_TEAM = 3M7MSD7MMC;
				INFOPLIST_FILE = UserDefineedControl_student/Info.plist;
				LD_RUNPATH_SEARCH_PATHS = "$(inherited) @executable_path/Frameworks";
				PRODUCT_BUNDLE_IDENTIFIER = "mrwang90hou-163.com.UserDefineedControl-student";
				PRODUCT_NAME = "$(TARGET_NAME)";
				SWIFT_VERSION = 3.0;
			};
			name = Debug;
		};
		92E656BF1EC49FD600671540 /* Release */ = {
			isa = XCBuildConfiguration;
			buildSettings = {
				ASSETCATALOG_COMPILER_APPICON_NAME = AppIcon;
				DEVELOPMENT_TEAM = 3M7MSD7MMC;
				INFOPLIST_FILE = UserDefineedControl_student/Info.plist;
				LD_RUNPATH_SEARCH_PATHS = "$(inherited) @executable_path/Frameworks";
				PRODUCT_BUNDLE_IDENTIFIER = "mrwang90hou-163.com.UserDefineedControl-student";
				PRODUCT_NAME = "$(TARGET_NAME)";
				SWIFT_VERSION = 3.0;
			};
			name = Release;
		};
		92E656C11EC49FD600671540 /* Debug */ = {
			isa = XCBuildConfiguration;
			buildSettings = {
				ALWAYS_EMBED_SWIFT_STANDARD_LIBRARIES = YES;
				BUNDLE_LOADER = "$(TEST_HOST)";
				DEVELOPMENT_TEAM = 3M7MSD7MMC;
				INFOPLIST_FILE = UserDefineedControl_studentTests/Info.plist;
				LD_RUNPATH_SEARCH_PATHS = "$(inherited) @executable_path/Frameworks @loader_path/Frameworks";
				PRODUCT_BUNDLE_IDENTIFIER = "mrwang90hou-163.com.UserDefineedControl-studentTests";
				PRODUCT_NAME = "$(TARGET_NAME)";
				SWIFT_VERSION = 3.0;
				TEST_HOST = "$(BUILT_PRODUCTS_DIR)/UserDefineedControl_student.app/UserDefineedControl_student";
			};
			name = Debug;
		};
		92E656C21EC49FD600671540 /* Release */ = {
			isa = XCBuildConfiguration;
			buildSettings = {
				ALWAYS_EMBED_SWIFT_STANDARD_LIBRARIES = YES;
				BUNDLE_LOADER = "$(TEST_HOST)";
				DEVELOPMENT_TEAM = 3M7MSD7MMC;
				INFOPLIST_FILE = UserDefineedControl_studentTests/Info.plist;
				LD_RUNPATH_SEARCH_PATHS = "$(inherited) @executable_path/Frameworks @loader_path/Frameworks";
				PRODUCT_BUNDLE_IDENTIFIER = "mrwang90hou-163.com.UserDefineedControl-studentTests";
				PRODUCT_NAME = "$(TARGET_NAME)";
				SWIFT_VERSION = 3.0;
				TEST_HOST = "$(BUILT_PRODUCTS_DIR)/UserDefineedControl_student.app/UserDefineedControl_student";
			};
			name = Release;
		};
		92E656C41EC49FD600671540 /* Debug */ = {
			isa = XCBuildConfiguration;
			buildSettings = {
				ALWAYS_EMBED_SWIFT_STANDARD_LIBRARIES = YES;
				DEVELOPMENT_TEAM = 3M7MSD7MMC;
				INFOPLIST_FILE = UserDefineedControl_studentUITests/Info.plist;
				LD_RUNPATH_SEARCH_PATHS = "$(inherited) @executable_path/Frameworks @loader_path/Frameworks";
				PRODUCT_BUNDLE_IDENTIFIER = "mrwang90hou-163.com.UserDefineedControl-studentUITests";
				PRODUCT_NAME = "$(TARGET_NAME)";
				SWIFT_VERSION = 3.0;
				TEST_TARGET_NAME = UserDefineedControl_student;
			};
			name = Debug;
		};
		92E656C51EC49FD600671540 /* Release */ = {
			isa = XCBuildConfiguration;
			buildSettings = {
				ALWAYS_EMBED_SWIFT_STANDARD_LIBRARIES = YES;
				DEVELOPMENT_TEAM = 3M7MSD7MMC;
				INFOPLIST_FILE = UserDefineedControl_studentUITests/Info.plist;
				LD_RUNPATH_SEARCH_PATHS = "$(inherited) @executable_path/Frameworks @loader_path/Frameworks";
				PRODUCT_BUNDLE_IDENTIFIER = "mrwang90hou-163.com.UserDefineedControl-studentUITests";
				PRODUCT_NAME = "$(TARGET_NAME)";
				SWIFT_VERSION = 3.0;
				TEST_TARGET_NAME = UserDefineedControl_student;
			};
			name = Release;
		};
/* End XCBuildConfiguration section */

/* Begin XCConfigurationList section */
		92E656901EC49FD600671540 /* Build configuration list for PBXProject "UserDefineedControl_student" */ = {
			isa = XCConfigurationList;
			buildConfigurations = (
				92E656BB1EC49FD600671540 /* Debug */,
				92E656BC1EC49FD600671540 /* Release */,
			);
			defaultConfigurationIsVisible = 0;
			defaultConfigurationName = Release;
		};
		92E656BD1EC49FD600671540 /* Build configuration list for PBXNativeTarget "UserDefineedControl_student" */ = {
			isa = XCConfigurationList;
			buildConfigurations = (
				92E656BE1EC49FD600671540 /* Debug */,
				92E656BF1EC49FD600671540 /* Release */,
			);
			defaultConfigurationIsVisible = 0;
		};
		92E656C01EC49FD600671540 /* Build configuration list for PBXNativeTarget "UserDefineedControl_studentTests" */ = {
			isa = XCConfigurationList;
			buildConfigurations = (
				92E656C11EC49FD600671540 /* Debug */,
				92E656C21EC49FD600671540 /* Release */,
			);
			defaultConfigurationIsVisible = 0;
		};
		92E656C31EC49FD600671540 /* Build configuration list for PBXNativeTarget "UserDefineedControl_studentUITests" */ = {
			isa = XCConfigurationList;
			buildConfigurations = (
				92E656C41EC49FD600671540 /* Debug */,
				92E656C51EC49FD600671540 /* Release */,
			);
			defaultConfigurationIsVisible = 0;
		};
/* End XCConfigurationList section */
	};
	rootObject = 92E6568D1EC49FD600671540 /* Project object */;
}
